
Microsoft Visual Studio Solution File, Format Version 12.00
# Visual Studio Version 16
VisualStudioVersion = 16.0.31410.357
MinimumVisualStudioVersion = 10.0.40219.1
Project("{8BC9CEB8-8B4A-11D0-8D11-00A0C91BC942}") = "BuildVersionInfo", "BuildVersionInfo\BuildVersionInfo.vcxproj", "{D4BE7A18-04B3-4030-BCE3-C410417CAB6D}"
EndProject
Project("{8BC9CEB8-8B4A-11D0-8D11-00A0C91BC942}") = "BuildTest", "BuildTest\BuildTest.vcxproj", "{05F86C08-E216-4894-9520-FBC8FFCBD9E8}"
EndProject
Global
	GlobalSection(SolutionConfigurationPlatforms) = preSolution
		Debug|x64 = Debug|x64
		Debug|x86 = Debug|x86
		Release|x64 = Release|x64
		Release|x86 = Release|x86
	EndGlobalSection
	GlobalSection(ProjectConfigurationPlatforms) = postSolution
		{D4BE7A18-04B3-4030-BCE3-C410417CAB6D}.Debug|x64.ActiveCfg = Debug|x64
		{D4BE7A18-04B3-4030-BCE3-C410417CAB6D}.Debug|x64.Build.0 = Debug|x64
		{D4BE7A18-04B3-4030-BCE3-C410417CAB6D}.Debug|x86.ActiveCfg = Debug|Win32
		{D4BE7A18-04B3-4030-BCE3-C410417CAB6D}.Debug|x86.Build.0 = Debug|Win32
		{D4BE7A18-04B3-4030-BCE3-C410417CAB6D}.Release|x64.ActiveCfg = Release|x64
		{D4BE7A18-04B3-4030-BCE3-C410417CAB6D}.Release|x64.Build.0 = Release|x64
		{D4BE7A18-04B3-4030-BCE3-C410417CAB6D}.Release|x86.ActiveCfg = Release|Win32
		{D4BE7A18-04B3-4030-BCE3-C410417CAB6D}.Release|x86.Build.0 = Release|Win32
		{05F86C08-E216-4894-9520-FBC8FFCBD9E8}.Debug|x64.ActiveCfg = Debug|x64
		{05F86C08-E216-4894-9520-FBC8FFCBD9E8}.Debug|x64.Build.0 = Debug|x64
		{05F86C08-E216-4894-9520-FBC8FFCBD9E8}.Debug|x86.ActiveCfg = Debug|Win32
		{05F86C08-E216-4894-9520-FBC8FFCBD9E8}.Debug|x86.Build.0 = Debug|Win32
		{05F86C08-E216-4894-9520-FBC8FFCBD9E8}.Release|x64.ActiveCfg = Release|x64
		{05F86C08-E216-4894-9520-FBC8FFCBD9E8}.Release|x64.Build.0 = Release|x64
		{05F86C08-E216-4894-9520-FBC8FFCBD9E8}.Release|x86.ActiveCfg = Release|Win32
		{05F86C08-E216-4894-9520-FBC8FFCBD9E8}.Release|x86.Build.0 = Release|Win32
	EndGlobalSection
	GlobalSection(SolutionProperties) = preSolution
		HideSolutionNode = FALSE
	EndGlobalSection
	GlobalSection(ExtensibilityGlobals) = postSolution
		SolutionGuid = {6DA56345-F0DE-4F8B-8122-1DF6B39D579F}
	EndGlobalSection
EndGlobal
